
Microsoft Visual Studio Solution File, Format Version 12.00
# Visual Studio Version 17
VisualStudioVersion = 17.3.32929.385
MinimumVisualStudioVersion = 10.0.40219.1
Project("{FAE04EC0-301F-11D3-BF4B-00C04F79EFBC}") = "WebApiLibros", "WebApiLibros\WebApiLibros.csproj", "{213B25A1-5248-4BD0-BC15-6CF3D7E291A6}"
EndProject
Global
	GlobalSection(SolutionConfigurationPlatforms) = preSolution
		Debug|Any CPU = Debug|Any CPU
		Release|Any CPU = Release|Any CPU
	EndGlobalSection
	GlobalSection(ProjectConfigurationPlatforms) = postSolution
		{213B25A1-5248-4BD0-BC15-6CF3D7E291A6}.Debug|Any CPU.ActiveCfg = Debug|Any CPU
		{213B25A1-5248-4BD0-BC15-6CF3D7E291A6}.Debug|Any CPU.Build.0 = Debug|Any CPU
		{213B25A1-5248-4BD0-BC15-6CF3D7E291A6}.Release|Any CPU.ActiveCfg = Release|Any CPU
		{213B25A1-5248-4BD0-BC15-6CF3D7E291A6}.Release|Any CPU.Build.0 = Release|Any CPU
	EndGlobalSection
	GlobalSection(SolutionProperties) = preSolution
		HideSolutionNode = FALSE
	EndGlobalSection
	GlobalSection(ExtensibilityGlobals) = postSolution
		SolutionGuid = {DC77A844-847B-4422-8E8D-D04A23F11A95}
	EndGlobalSection
EndGlobal
